// !$*UTF8*$!
{
	archiveVersion = 1;
	classes = {
	};
	objectVersion = 50;
	objects = {

/* Begin PBXBuildFile section */
		F370977820BD1B5800360B87 /* AppDelegate.swift in Sources */ = {isa = PBXBuildFile; fileRef = F370977720BD1B5800360B87 /* AppDelegate.swift */; };
		F370977A20BD1B5800360B87 /* ViewController.swift in Sources */ = {isa = PBXBuildFile; fileRef = F370977920BD1B5800360B87 /* ViewController.swift */; };
		F370977D20BD1B5800360B87 /* Main.storyboard in Resources */ = {isa = PBXBuildFile; fileRef = F370977B20BD1B5800360B87 /* Main.storyboard */; };
		F370977F20BD1B5900360B87 /* Assets.xcassets in Resources */ = {isa = PBXBuildFile; fileRef = F370977E20BD1B5900360B87 /* Assets.xcassets */; };
		F370978220BD1B5900360B87 /* LaunchScreen.storyboard in Resources */ = {isa = PBXBuildFile; fileRef = F370978020BD1B5900360B87 /* LaunchScreen.storyboard */; };
		F370978D20BD1B5900360B87 /* testTests.swift in Sources */ = {isa = PBXBuildFile; fileRef = F370978C20BD1B5900360B87 /* testTests.swift */; };
		F370979820BD1B5900360B87 /* testUITests.swift in Sources */ = {isa = PBXBuildFile; fileRef = F370979720BD1B5900360B87 /* testUITests.swift */; };
/* End PBXBuildFile section */

/* Begin PBXContainerItemProxy section */
		F370978920BD1B5900360B87 /* PBXContainerItemProxy */ = {
			isa = PBXContainerItemProxy;
			containerPortal = F370976C20BD1B5800360B87 /* Project object */;
			proxyType = 1;
			remoteGlobalIDString = F370977320BD1B5800360B87;
			remoteInfo = test;
		};
		F370979420BD1B5900360B87 /* PBXContainerItemProxy */ = {
			isa = PBXContainerItemProxy;
			containerPortal = F370976C20BD1B5800360B87 /* Project object */;
			proxyType = 1;
			remoteGlobalIDString = F370977320BD1B5800360B87;
			remoteInfo = test;
		};
/* End PBXContainerItemProxy section */

/* Begin PBXFileReference section */
		F370977420BD1B5800360B87 /* test.app */ = {isa = PBXFileReference; explicitFileType = wrapper.application; includeInIndex = 0; path = test.app; sourceTree = BUILT_PRODUCTS_DIR; };
		F370977720BD1B5800360B87 /* AppDelegate.swift */ = {isa = PBXFileReference; lastKnownFileType = sourcecode.swift; path = AppDelegate.swift; sourceTree = "<group>"; };
		F370977920BD1B5800360B87 /* ViewController.swift */ = {isa = PBXFileReference; lastKnownFileType = sourcecode.swift; path = ViewController.swift; sourceTree = "<group>"; };
		F370977C20BD1B5800360B87 /* Base */ = {isa = PBXFileReference; lastKnownFileType = file.storyboard; name = Base; path = Base.lproj/Main.storyboard; sourceTree = "<group>"; };
		F370977E20BD1B5900360B87 /* Assets.xcassets */ = {isa = PBXFileReference; lastKnownFileType = folder.assetcatalog; path = Assets.xcassets; sourceTree = "<group>"; };
		F370978120BD1B5900360B87 /* Base */ = {isa = PBXFileReference; lastKnownFileType = file.storyboard; name = Base; path = Base.lproj/LaunchScreen.storyboard; sourceTree = "<group>"; };
		F370978320BD1B5900360B87 /* Info.plist */ = {isa = PBXFileReference; lastKnownFileType = text.plist.xml; path = Info.plist; sourceTree = "<group>"; };
		F370978820BD1B5900360B87 /* testTests.xctest */ = {isa = PBXFileReference; explicitFileType = wrapper.cfbundle; includeInIndex = 0; path = testTests.xctest; sourceTree = BUILT_PRODUCTS_DIR; };
		F370978C20BD1B5900360B87 /* testTests.swift */ = {isa = PBXFileReference; lastKnownFileType = sourcecode.swift; path = testTests.swift; sourceTree = "<group>"; };
		F370978E20BD1B5900360B87 /* Info.plist */ = {isa = PBXFileReference; lastKnownFileType = text.plist.xml; path = Info.plist; sourceTree = "<group>"; };
		F370979320BD1B5900360B87 /* testUITests.xctest */ = {isa = PBXFileReference; explicitFileType = wrapper.cfbundle; includeInIndex = 0; path = testUITests.xctest; sourceTree = BUILT_PRODUCTS_DIR; };
		F370979720BD1B5900360B87 /* testUITests.swift */ = {isa = PBXFileReference; lastKnownFileType = sourcecode.swift; path = testUITests.swift; sourceTree = "<group>"; };
		F370979920BD1B5900360B87 /* Info.plist */ = {isa = PBXFileReference; lastKnownFileType = text.plist.xml; path = Info.plist; sourceTree = "<group>"; };
/* End PBXFileReference section */

/* Begin PBXFrameworksBuildPhase section */
		F370977120BD1B5800360B87 /* Frameworks */ = {
			isa = PBXFrameworksBuildPhase;
			buildActionMask = 2147483647;
			files = (
			);
			runOnlyForDeploymentPostprocessing = 0;
		};
		F370978520BD1B5900360B87 /* Frameworks */ = {
			isa = PBXFrameworksBuildPhase;
			buildActionMask = 2147483647;
			files = (
			);
			runOnlyForDeploymentPostprocessing = 0;
		};
		F370979020BD1B5900360B87 /* Frameworks */ = {
			isa = PBXFrameworksBuildPhase;
			buildActionMask = 2147483647;
			files = (
			);
			runOnlyForDeploymentPostprocessing = 0;
		};
/* End PBXFrameworksBuildPhase section */

/* Begin PBXGroup section */
		F370976B20BD1B5800360B87 = {
			isa = PBXGroup;
			children = (
				F370977620BD1B5800360B87 /* test */,
				F370978B20BD1B5900360B87 /* testTests */,
				F370979620BD1B5900360B87 /* testUITests */,
				F370977520BD1B5800360B87 /* Products */,
			);
			sourceTree = "<group>";
		};
		F370977520BD1B5800360B87 /* Products */ = {
			isa = PBXGroup;
			children = (
				F370977420BD1B5800360B87 /* test.app */,
				F370978820BD1B5900360B87 /* testTests.xctest */,
				F370979320BD1B5900360B87 /* testUITests.xctest */,
			);
			name = Products;
			sourceTree = "<group>";
		};
		F370977620BD1B5800360B87 /* test */ = {
			isa = PBXGroup;
			children = (
				F370977720BD1B5800360B87 /* AppDelegate.swift */,
				F370977920BD1B5800360B87 /* ViewController.swift */,
				F370977B20BD1B5800360B87 /* Main.storyboard */,
				F370977E20BD1B5900360B87 /* Assets.xcassets */,
				F370978020BD1B5900360B87 /* LaunchScreen.storyboard */,
				F370978320BD1B5900360B87 /* Info.plist */,
			);
			path = test;
			sourceTree = "<group>";
		};
		F370978B20BD1B5900360B87 /* testTests */ = {
			isa = PBXGroup;
			children = (
				F370978C20BD1B5900360B87 /* testTests.swift */,
				F370978E20BD1B5900360B87 /* Info.plist */,
			);
			path = testTests;
			sourceTree = "<group>";
		};
		F370979620BD1B5900360B87 /* testUITests */ = {
			isa = PBXGroup;
			children = (
				F370979720BD1B5900360B87 /* testUITests.swift */,
				F370979920BD1B5900360B87 /* Info.plist */,
			);
			path = testUITests;
			sourceTree = "<group>";
		};
/* End PBXGroup section */

/* Begin PBXNativeTarget section */
		F370977320BD1B5800360B87 /* test */ = {
			isa = PBXNativeTarget;
			buildConfigurationList = F370979C20BD1B5900360B87 /* Build configuration list for PBXNativeTarget "test" */;
			buildPhases = (
				F370977020BD1B5800360B87 /* Sources */,
				F370977120BD1B5800360B87 /* Frameworks */,
				F370977220BD1B5800360B87 /* Resources */,
			);
			buildRules = (
			);
			dependencies = (
			);
			name = test;
			productName = test;
			productReference = F370977420BD1B5800360B87 /* test.app */;
			productType = "com.apple.product-type.application";
		};
		F370978720BD1B5900360B87 /* testTests */ = {
			isa = PBXNativeTarget;
			buildConfigurationList = F370979F20BD1B5900360B87 /* Build configuration list for PBXNativeTarget "testTests" */;
			buildPhases = (
				F370978420BD1B5900360B87 /* Sources */,
				F370978520BD1B5900360B87 /* Frameworks */,
				F370978620BD1B5900360B87 /* Resources */,
			);
			buildRules = (
			);
			dependencies = (
				F370978A20BD1B5900360B87 /* PBXTargetDependency */,
			);
			name = testTests;
			productName = testTests;
			productReference = F370978820BD1B5900360B87 /* testTests.xctest */;
			productType = "com.apple.product-type.bundle.unit-test";
		};
		F370979220BD1B5900360B87 /* testUITests */ = {
			isa = PBXNativeTarget;
			buildConfigurationList = F37097A220BD1B5900360B87 /* Build configuration list for PBXNativeTarget "testUITests" */;
			buildPhases = (
				F370978F20BD1B5900360B87 /* Sources */,
				F370979020BD1B5900360B87 /* Frameworks */,
				F370979120BD1B5900360B87 /* Resources */,
			);
			buildRules = (
			);
			dependencies = (
				F370979520BD1B5900360B87 /* PBXTargetDependency */,
			);
			name = testUITests;
			productName = testUITests;
			productReference = F370979320BD1B5900360B87 /* testUITests.xctest */;
			productType = "com.apple.product-type.bundle.ui-testing";
		};
/* End PBXNativeTarget section */

/* Begin PBXProject section */
		F370976C20BD1B5800360B87 /* Project object */ = {
			isa = PBXProject;
			attributes = {
				LastSwiftUpdateCheck = 0930;
				LastUpgradeCheck = 0930;
				ORGANIZATIONNAME = student02;
				TargetAttributes = {
					F370977320BD1B5800360B87 = {
						CreatedOnToolsVersion = 9.3.1;
					};
					F370978720BD1B5900360B87 = {
						CreatedOnToolsVersion = 9.3.1;
						TestTargetID = F370977320BD1B5800360B87;
					};
					F370979220BD1B5900360B87 = {
						CreatedOnToolsVersion = 9.3.1;
						TestTargetID = F370977320BD1B5800360B87;
					};
				};
			};
			buildConfigurationList = F370976F20BD1B5800360B87 /* Build configuration list for PBXProject "test" */;
			compatibilityVersion = "Xcode 9.3";
			developmentRegion = en;
			hasScannedForEncodings = 0;
			knownRegions = (
				en,
				Base,
			);
			mainGroup = F370976B20BD1B5800360B87;
			productRefGroup = F370977520BD1B5800360B87 /* Products */;
			projectDirPath = "";
			projectRoot = "";
			targets = (
				F370977320BD1B5800360B87 /* test */,
				F370978720BD1B5900360B87 /* testTests */,
				F370979220BD1B5900360B87 /* testUITests */,
			);
		};
/* End PBXProject section */

/* Begin PBXResourcesBuildPhase section */
		F370977220BD1B5800360B87 /* Resources */ = {
			isa = PBXResourcesBuildPhase;
			buildActionMask = 2147483647;
			files = (
				F370978220BD1B5900360B87 /* LaunchScreen.storyboard in Resources */,
				F370977F20BD1B5900360B87 /* Assets.xcassets in Resources */,
				F370977D20BD1B5800360B87 /* Main.storyboard in Resources */,
			);
			runOnlyForDeploymentPostprocessing = 0;
		};
		F370978620BD1B5900360B87 /* Resources */ = {
			isa = PBXResourcesBuildPhase;
			buildActionMask = 2147483647;
			files = (
			);
			runOnlyForDeploymentPostprocessing = 0;
		};
		F370979120BD1B5900360B87 /* Resources */ = {
			isa = PBXResourcesBuildPhase;
			buildActionMask = 2147483647;
			files = (
			);
			runOnlyForDeploymentPostprocessing = 0;
		};
/* End PBXResourcesBuildPhase section */

/* Begin PBXSourcesBuildPhase section */
		F370977020BD1B5800360B87 /* Sources */ = {
			isa = PBXSourcesBuildPhase;
			buildActionMask = 2147483647;
			files = (
				F370977A20BD1B5800360B87 /* ViewController.swift in Sources */,
				F370977820BD1B5800360B87 /* AppDelegate.swift in Sources */,
			);
			runOnlyForDeploymentPostprocessing = 0;
		};
		F370978420BD1B5900360B87 /* Sources */ = {
			isa = PBXSourcesBuildPhase;
			buildActionMask = 2147483647;
			files = (
				F370978D20BD1B5900360B87 /* testTests.swift in Sources */,
			);
			runOnlyForDeploymentPostprocessing = 0;
		};
		F370978F20BD1B5900360B87 /* Sources */ = {
			isa = PBXSourcesBuildPhase;
			buildActionMask = 2147483647;
			files = (
				F370979820BD1B5900360B87 /* testUITests.swift in Sources */,
			);
			runOnlyForDeploymentPostprocessing = 0;
		};
/* End PBXSourcesBuildPhase section */

/* Begin PBXTargetDependency section */
		F370978A20BD1B5900360B87 /* PBXTargetDependency */ = {
			isa = PBXTargetDependency;
			target = F370977320BD1B5800360B87 /* test */;
			targetProxy = F370978920BD1B5900360B87 /* PBXContainerItemProxy */;
		};
		F370979520BD1B5900360B87 /* PBXTargetDependency */ = {
			isa = PBXTargetDependency;
			target = F370977320BD1B5800360B87 /* test */;
			targetProxy = F370979420BD1B5900360B87 /* PBXContainerItemProxy */;
		};
/* End PBXTargetDependency section */

/* Begin PBXVariantGroup section */
		F370977B20BD1B5800360B87 /* Main.storyboard */ = {
			isa = PBXVariantGroup;
			children = (
				F370977C20BD1B5800360B87 /* Base */,
			);
			name = Main.storyboard;
			sourceTree = "<group>";
		};
		F370978020BD1B5900360B87 /* LaunchScreen.storyboard */ = {
			isa = PBXVariantGroup;
			children = (
				F370978120BD1B5900360B87 /* Base */,
			);
			name = LaunchScreen.storyboard;
			sourceTree = "<group>";
		};
/* End PBXVariantGroup section */

/* Begin XCBuildConfiguration section */
		F370979A20BD1B5900360B87 /* Debug */ = {
			isa = XCBuildConfiguration;
			buildSettings = {
				ALWAYS_SEARCH_USER_PATHS = NO;
				CLANG_ANALYZER_NONNULL = YES;
				CLANG_ANALYZER_NUMBER_OBJECT_CONVERSION = YES_AGGRESSIVE;
				CLANG_CXX_LANGUAGE_STANDARD = "gnu++14";
				CLANG_CXX_LIBRARY = "libc++";
				CLANG_ENABLE_MODULES = YES;
				CLANG_ENABLE_OBJC_ARC = YES;
				CLANG_ENABLE_OBJC_WEAK = YES;
				CLANG_WARN_BLOCK_CAPTURE_AUTORELEASING = YES;
				CLANG_WARN_BOOL_CONVERSION = YES;
				CLANG_WARN_COMMA = YES;
				CLANG_WARN_CONSTANT_CONVERSION = YES;
				CLANG_WARN_DEPRECATED_OBJC_IMPLEMENTATIONS = YES;
				CLANG_WARN_DIRECT_OBJC_ISA_USAGE = YES_ERROR;
				CLANG_WARN_DOCUMENTATION_COMMENTS = YES;
				CLANG_WARN_EMPTY_BODY = YES;
				CLANG_WARN_ENUM_CONVERSION = YES;
				CLANG_WARN_INFINITE_RECURSION = YES;
				CLANG_WARN_INT_CONVERSION = YES;
				CLANG_WARN_NON_LITERAL_NULL_CONVERSION = YES;
				CLANG_WARN_OBJC_IMPLICIT_RETAIN_SELF = YES;
				CLANG_WARN_OBJC_LITERAL_CONVERSION = YES;
				CLANG_WARN_OBJC_ROOT_CLASS = YES_ERROR;
				CLANG_WARN_RANGE_LOOP_ANALYSIS = YES;
				CLANG_WARN_STRICT_PROTOTYPES = YES;
				CLANG_WARN_SUSPICIOUS_MOVE = YES;
				CLANG_WARN_UNGUARDED_AVAILABILITY = YES_AGGRESSIVE;
				CLANG_WARN_UNREACHABLE_CODE = YES;
				CLANG_WARN__DUPLICATE_METHOD_MATCH = YES;
				CODE_SIGN_IDENTITY = "iPhone Developer";
				COPY_PHASE_STRIP = NO;
				DEBUG_INFORMATION_FORMAT = dwarf;
				ENABLE_STRICT_OBJC_MSGSEND = YES;
				ENABLE_TESTABILITY = YES;
				GCC_C_LANGUAGE_STANDARD = gnu11;
				GCC_DYNAMIC_NO_PIC = NO;
				GCC_NO_COMMON_BLOCKS = YES;
				GCC_OPTIMIZATION_LEVEL = 0;
				GCC_PREPROCESSOR_DEFINITIONS = (
					"DEBUG=1",
					"$(inherited)",
				);
				GCC_WARN_64_TO_32_BIT_CONVERSION = YES;
				GCC_WARN_ABOUT_RETURN_TYPE = YES_ERROR;
				GCC_WARN_UNDECLARED_SELECTOR = YES;
				GCC_WARN_UNINITIALIZED_AUTOS = YES_AGGRESSIVE;
				GCC_WARN_UNUSED_FUNCTION = YES;
				GCC_WARN_UNUSED_VARIABLE = YES;
				IPHONEOS_DEPLOYMENT_TARGET = 11.3;
				MTL_ENABLE_DEBUG_INFO = YES;
				ONLY_ACTIVE_ARCH = YES;
				SDKROOT = iphoneos;
				SWIFT_ACTIVE_COMPILATION_CONDITIONS = DEBUG;
				SWIFT_OPTIMIZATION_LEVEL = "-Onone";
			};
			name = Debug;
		};
		F370979B20BD1B5900360B87 /* Release */ = {
			isa = XCBuildConfiguration;
			buildSettings = {
				ALWAYS_SEARCH_USER_PATHS = NO;
				CLANG_ANALYZER_NONNULL = YES;
				CLANG_ANALYZER_NUMBER_OBJECT_CONVERSION = YES_AGGRESSIVE;
				CLANG_CXX_LANGUAGE_STANDARD = "gnu++14";
				CLANG_CXX_LIBRARY = "libc++";
				CLANG_ENABLE_MODULES = YES;
				CLANG_ENABLE_OBJC_ARC = YES;
				CLANG_ENABLE_OBJC_WEAK = YES;
				CLANG_WARN_BLOCK_CAPTURE_AUTORELEASING = YES;
				CLANG_WARN_BOOL_CONVERSION = YES;
				CLANG_WARN_COMMA = YES;
				CLANG_WARN_CONSTANT_CONVERSION = YES;
				CLANG_WARN_DEPRECATED_OBJC_IMPLEMENTATIONS = YES;
				CLANG_WARN_DIRECT_OBJC_ISA_USAGE = YES_ERROR;
				CLANG_WARN_DOCUMENTATION_COMMENTS = YES;
				CLANG_WARN_EMPTY_BODY = YES;
				CLANG_WARN_ENUM_CONVERSION = YES;
				CLANG_WARN_INFINITE_RECURSION = YES;
				CLANG_WARN_INT_CONVERSION = YES;
				CLANG_WARN_NON_LITERAL_NULL_CONVERSION = YES;
				CLANG_WARN_OBJC_IMPLICIT_RETAIN_SELF = YES;
				CLANG_WARN_OBJC_LITERAL_CONVERSION = YES;
				CLANG_WARN_OBJC_ROOT_CLASS = YES_ERROR;
				CLANG_WARN_RANGE_LOOP_ANALYSIS = YES;
				CLANG_WARN_STRICT_PROTOTYPES = YES;
				CLANG_WARN_SUSPICIOUS_MOVE = YES;
				CLANG_WARN_UNGUARDED_AVAILABILITY = YES_AGGRESSIVE;
				CLANG_WARN_UNREACHABLE_CODE = YES;
				CLANG_WARN__DUPLICATE_METHOD_MATCH = YES;
				CODE_SIGN_IDENTITY = "iPhone Developer";
				COPY_PHASE_STRIP = NO;
				DEBUG_INFORMATION_FORMAT = "dwarf-with-dsym";
				ENABLE_NS_ASSERTIONS = NO;
				ENABLE_STRICT_OBJC_MSGSEND = YES;
				GCC_C_LANGUAGE_STANDARD = gnu11;
				GCC_NO_COMMON_BLOCKS = YES;
				GCC_WARN_64_TO_32_BIT_CONVERSION = YES;
				GCC_WARN_ABOUT_RETURN_TYPE = YES_ERROR;
				GCC_WARN_UNDECLARED_SELECTOR = YES;
				GCC_WARN_UNINITIALIZED_AUTOS = YES_AGGRESSIVE;
				GCC_WARN_UNUSED_FUNCTION = YES;
				GCC_WARN_UNUSED_VARIABLE = YES;
				IPHONEOS_DEPLOYMENT_TARGET = 11.3;
				MTL_ENABLE_DEBUG_INFO = NO;
				SDKROOT = iphoneos;
				SWIFT_COMPILATION_MODE = wholemodule;
				SWIFT_OPTIMIZATION_LEVEL = "-O";
				VALIDATE_PRODUCT = YES;
			};
			name = Release;
		};
		F370979D20BD1B5900360B87 /* Debug */ = {
			isa = XCBuildConfiguration;
			buildSettings = {
				ASSETCATALOG_COMPILER_APPICON_NAME = AppIcon;
				CODE_SIGN_STYLE = Automatic;
				DEVELOPMENT_TEAM = 6GFGPH2SXN;
				INFOPLIST_FILE = test/Info.plist;
				LD_RUNPATH_SEARCH_PATHS = (
					"$(inherited)",
					"@executable_path/Frameworks",
				);
				PRODUCT_BUNDLE_IDENTIFIER = hgu.test;
				PRODUCT_NAME = "$(TARGET_NAME)";
				SWIFT_VERSION = 4.0;
				TARGETED_DEVICE_FAMILY = "1,2";
			};
			name = Debug;
		};
		F370979E20BD1B5900360B87 /* Release */ = {
			isa = XCBuildConfiguration;
			buildSettings = {
				ASSETCATALOG_COMPILER_APPICON_NAME = AppIcon;
				CODE_SIGN_STYLE = Automatic;
				DEVELOPMENT_TEAM = 6GFGPH2SXN;
				INFOPLIST_FILE = test/Info.plist;
				LD_RUNPATH_SEARCH_PATHS = (
					"$(inherited)",
					"@executable_path/Frameworks",
				);
				PRODUCT_BUNDLE_IDENTIFIER = hgu.test;
				PRODUCT_NAME = "$(TARGET_NAME)";
				SWIFT_VERSION = 4.0;
				TARGETED_DEVICE_FAMILY = "1,2";
			};
			name = Release;
		};
		F37097A020BD1B5900360B87 /* Debug */ = {
			isa = XCBuildConfiguration;
			buildSettings = {
				ALWAYS_EMBED_SWIFT_STANDARD_LIBRARIES = YES;
				BUNDLE_LOADER = "$(TEST_HOST)";
				CODE_SIGN_STYLE = Automatic;
				DEVELOPMENT_TEAM = 6GFGPH2SXN;
				INFOPLIST_FILE = testTests/Info.plist;
				LD_RUNPATH_SEARCH_PATHS = (
					"$(inherited)",
					"@executable_path/Frameworks",
					"@loader_path/Frameworks",
				);
				PRODUCT_BUNDLE_IDENTIFIER = hgu.testTests;
				PRODUCT_NAME = "$(TARGET_NAME)";
				SWIFT_VERSION = 4.0;
				TARGETED_DEVICE_FAMILY = "1,2";
				TEST_HOST = "$(BUILT_PRODUCTS_DIR)/test.app/test";
			};
			name = Debug;
		};
		F37097A120BD1B5900360B87 /* Release */ = {
			isa = XCBuildConfiguration;
			buildSettings = {
				ALWAYS_EMBED_SWIFT_STANDARD_LIBRARIES = YES;
				BUNDLE_LOADER = "$(TEST_HOST)";
				CODE_SIGN_STYLE = Automatic;
				DEVELOPMENT_TEAM = 6GFGPH2SXN;
				INFOPLIST_FILE = testTests/Info.plist;
				LD_RUNPATH_SEARCH_PATHS = (
					"$(inherited)",
					"@executable_path/Frameworks",
					"@loader_path/Frameworks",
				);
				PRODUCT_BUNDLE_IDENTIFIER = hgu.testTests;
				PRODUCT_NAME = "$(TARGET_NAME)";
				SWIFT_VERSION = 4.0;
				TARGETED_DEVICE_FAMILY = "1,2";
				TEST_HOST = "$(BUILT_PRODUCTS_DIR)/test.app/test";
			};
			name = Release;
		};
		F37097A320BD1B5900360B87 /* Debug */ = {
			isa = XCBuildConfiguration;
			buildSettings = {
				ALWAYS_EMBED_SWIFT_STANDARD_LIBRARIES = YES;
				CODE_SIGN_STYLE = Automatic;
				DEVELOPMENT_TEAM = 6GFGPH2SXN;
				INFOPLIST_FILE = testUITests/Info.plist;
				LD_RUNPATH_SEARCH_PATHS = (
					"$(inherited)",
					"@executable_path/Frameworks",
					"@loader_path/Frameworks",
				);
				PRODUCT_BUNDLE_IDENTIFIER = hgu.testUITests;
				PRODUCT_NAME = "$(TARGET_NAME)";
				SWIFT_VERSION = 4.0;
				TARGETED_DEVICE_FAMILY = "1,2";
				TEST_TARGET_NAME = test;
			};
			name = Debug;
		};
		F37097A420BD1B5900360B87 /* Release */ = {
			isa = XCBuildConfiguration;
			buildSettings = {
				ALWAYS_EMBED_SWIFT_STANDARD_LIBRARIES = YES;
				CODE_SIGN_STYLE = Automatic;
				DEVELOPMENT_TEAM = 6GFGPH2SXN;
				INFOPLIST_FILE = testUITests/Info.plist;
				LD_RUNPATH_SEARCH_PATHS = (
					"$(inherited)",
					"@executable_path/Frameworks",
					"@loader_path/Frameworks",
				);
				PRODUCT_BUNDLE_IDENTIFIER = hgu.testUITests;
				PRODUCT_NAME = "$(TARGET_NAME)";
				SWIFT_VERSION = 4.0;
				TARGETED_DEVICE_FAMILY = "1,2";
				TEST_TARGET_NAME = test;
			};
			name = Release;
		};
/* End XCBuildConfiguration section */

/* Begin XCConfigurationList section */
		F370976F20BD1B5800360B87 /* Build configuration list for PBXProject "test" */ = {
			isa = XCConfigurationList;
			buildConfigurations = (
				F370979A20BD1B5900360B87 /* Debug */,
				F370979B20BD1B5900360B87 /* Release */,
			);
			defaultConfigurationIsVisible = 0;
			defaultConfigurationName = Release;
		};
		F370979C20BD1B5900360B87 /* Build configuration list for PBXNativeTarget "test" */ = {
			isa = XCConfigurationList;
			buildConfigurations = (
				F370979D20BD1B5900360B87 /* Debug */,
				F370979E20BD1B5900360B87 /* Release */,
			);
			defaultConfigurationIsVisible = 0;
			defaultConfigurationName = Release;
		};
		F370979F20BD1B5900360B87 /* Build configuration list for PBXNativeTarget "testTests" */ = {
			isa = XCConfigurationList;
			buildConfigurations = (
				F37097A020BD1B5900360B87 /* Debug */,
				F37097A120BD1B5900360B87 /* Release */,
			);
			defaultConfigurationIsVisible = 0;
			defaultConfigurationName = Release;
		};
		F37097A220BD1B5900360B87 /* Build configuration list for PBXNativeTarget "testUITests" */ = {
			isa = XCConfigurationList;
			buildConfigurations = (
				F37097A320BD1B5900360B87 /* Debug */,
				F37097A420BD1B5900360B87 /* Release */,
			);
			defaultConfigurationIsVisible = 0;
			defaultConfigurationName = Release;
		};
/* End XCConfigurationList section */
	};
	rootObject = F370976C20BD1B5800360B87 /* Project object */;
}
